
Microsoft Visual Studio Solution File, Format Version 12.00
# Visual Studio Version 17
VisualStudioVersion = 17.7.34031.279
MinimumVisualStudioVersion = 10.0.40219.1
Project("{FAE04EC0-301F-11D3-BF4B-00C04F79EFBC}") = "NoteBloc", "NoteBloc\NoteBloc.csproj", "{775ED0C6-DEFA-47C3-B788-D68206B422CC}"
EndProject
Global
	GlobalSection(SolutionConfigurationPlatforms) = preSolution
		Debug|Any CPU = Debug|Any CPU
		Release|Any CPU = Release|Any CPU
	EndGlobalSection
	GlobalSection(ProjectConfigurationPlatforms) = postSolution
		{775ED0C6-DEFA-47C3-B788-D68206B422CC}.Debug|Any CPU.ActiveCfg = Debug|Any CPU
		{775ED0C6-DEFA-47C3-B788-D68206B422CC}.Debug|Any CPU.Build.0 = Debug|Any CPU
		{775ED0C6-DEFA-47C3-B788-D68206B422CC}.Release|Any CPU.ActiveCfg = Release|Any CPU
		{775ED0C6-DEFA-47C3-B788-D68206B422CC}.Release|Any CPU.Build.0 = Release|Any CPU
	EndGlobalSection
	GlobalSection(SolutionProperties) = preSolution
		HideSolutionNode = FALSE
	EndGlobalSection
	GlobalSection(ExtensibilityGlobals) = postSolution
		SolutionGuid = {21235731-35B4-4C88-AAE4-A1F0FEBFAA40}
	EndGlobalSection
EndGlobal
